
Microsoft Visual Studio Solution File, Format Version 12.00
# Visual Studio Version 16
VisualStudioVersion = 16.0.34031.81
MinimumVisualStudioVersion = 10.0.40219.1
Project("{9A19103F-16F7-4668-BE54-9A1E7A4F7556}") = "DataAccess", "DataAccess\DataAccess.csproj", "{10FF07D6-2E21-4152-8568-4544AAAD7A9E}"
EndProject
Project("{9A19103F-16F7-4668-BE54-9A1E7A4F7556}") = "Business", "Business\Business.csproj", "{51362303-7894-4B86-9CCF-39495ACBB8FE}"
EndProject
Project("{9A19103F-16F7-4668-BE54-9A1E7A4F7556}") = "Entities", "Entities\Entities.csproj", "{82FEABFC-DA7D-422E-A98C-1B0D71456E24}"
EndProject
Project("{9A19103F-16F7-4668-BE54-9A1E7A4F7556}") = "ConsoleUI", "ConsoleUI\ConsoleUI.csproj", "{38FE90F9-B146-47B5-8C03-0D979B9B3F6E}"
EndProject
Project("{FAE04EC0-301F-11D3-BF4B-00C04F79EFBC}") = "Core", "Core\Core.csproj", "{EEFF4CFE-FFF7-44FB-8FA7-3475F22DB42C}"
EndProject
Global
	GlobalSection(SolutionConfigurationPlatforms) = preSolution
		Debug|Any CPU = Debug|Any CPU
		Release|Any CPU = Release|Any CPU
	EndGlobalSection
	GlobalSection(ProjectConfigurationPlatforms) = postSolution
		{10FF07D6-2E21-4152-8568-4544AAAD7A9E}.Debug|Any CPU.ActiveCfg = Debug|Any CPU
		{10FF07D6-2E21-4152-8568-4544AAAD7A9E}.Debug|Any CPU.Build.0 = Debug|Any CPU
		{10FF07D6-2E21-4152-8568-4544AAAD7A9E}.Release|Any CPU.ActiveCfg = Release|Any CPU
		{10FF07D6-2E21-4152-8568-4544AAAD7A9E}.Release|Any CPU.Build.0 = Release|Any CPU
		{51362303-7894-4B86-9CCF-39495ACBB8FE}.Debug|Any CPU.ActiveCfg = Debug|Any CPU
		{51362303-7894-4B86-9CCF-39495ACBB8FE}.Debug|Any CPU.Build.0 = Debug|Any CPU
		{51362303-7894-4B86-9CCF-39495ACBB8FE}.Release|Any CPU.ActiveCfg = Release|Any CPU
		{51362303-7894-4B86-9CCF-39495ACBB8FE}.Release|Any CPU.Build.0 = Release|Any CPU
		{82FEABFC-DA7D-422E-A98C-1B0D71456E24}.Debug|Any CPU.ActiveCfg = Debug|Any CPU
		{82FEABFC-DA7D-422E-A98C-1B0D71456E24}.Debug|Any CPU.Build.0 = Debug|Any CPU
		{82FEABFC-DA7D-422E-A98C-1B0D71456E24}.Release|Any CPU.ActiveCfg = Release|Any CPU
		{82FEABFC-DA7D-422E-A98C-1B0D71456E24}.Release|Any CPU.Build.0 = Release|Any CPU
		{38FE90F9-B146-47B5-8C03-0D979B9B3F6E}.Debug|Any CPU.ActiveCfg = Debug|Any CPU
		{38FE90F9-B146-47B5-8C03-0D979B9B3F6E}.Debug|Any CPU.Build.0 = Debug|Any CPU
		{38FE90F9-B146-47B5-8C03-0D979B9B3F6E}.Release|Any CPU.ActiveCfg = Release|Any CPU
		{38FE90F9-B146-47B5-8C03-0D979B9B3F6E}.Release|Any CPU.Build.0 = Release|Any CPU
		{EEFF4CFE-FFF7-44FB-8FA7-3475F22DB42C}.Debug|Any CPU.ActiveCfg = Debug|Any CPU
		{EEFF4CFE-FFF7-44FB-8FA7-3475F22DB42C}.Debug|Any CPU.Build.0 = Debug|Any CPU
		{EEFF4CFE-FFF7-44FB-8FA7-3475F22DB42C}.Release|Any CPU.ActiveCfg = Release|Any CPU
		{EEFF4CFE-FFF7-44FB-8FA7-3475F22DB42C}.Release|Any CPU.Build.0 = Release|Any CPU
	EndGlobalSection
	GlobalSection(SolutionProperties) = preSolution
		HideSolutionNode = FALSE
	EndGlobalSection
	GlobalSection(ExtensibilityGlobals) = postSolution
		SolutionGuid = {9A0F66A1-D86D-4DD4-8694-13D834DE771B}
	EndGlobalSection
EndGlobal
